
Microsoft Visual Studio Solution File, Format Version 12.00
# Visual Studio Version 17
VisualStudioVersion = 17.10.35122.118
MinimumVisualStudioVersion = 10.0.40219.1
Project("{FAE04EC0-301F-11D3-BF4B-00C04F79EFBC}") = "MultiApp", "MultiApp.csproj", "{47932F23-0299-4047-8CFD-97D9B4505FFE}"
EndProject
Global
	GlobalSection(SolutionConfigurationPlatforms) = preSolution
		Debug|Any CPU = Debug|Any CPU
		Release|Any CPU = Release|Any CPU
	EndGlobalSection
	GlobalSection(ProjectConfigurationPlatforms) = postSolution
		{47932F23-0299-4047-8CFD-97D9B4505FFE}.Debug|Any CPU.ActiveCfg = Debug|Any CPU
		{47932F23-0299-4047-8CFD-97D9B4505FFE}.Debug|Any CPU.Build.0 = Debug|Any CPU
		{47932F23-0299-4047-8CFD-97D9B4505FFE}.Release|Any CPU.ActiveCfg = Release|Any CPU
		{47932F23-0299-4047-8CFD-97D9B4505FFE}.Release|Any CPU.Build.0 = Release|Any CPU
	EndGlobalSection
	GlobalSection(SolutionProperties) = preSolution
		HideSolutionNode = FALSE
	EndGlobalSection
	GlobalSection(ExtensibilityGlobals) = postSolution
		SolutionGuid = {7BFA097C-A281-465D-9966-DB9CC4D2577E}
	EndGlobalSection
EndGlobal
